// !$*UTF8*$!
{
	archiveVersion = 1;
	classes = {
	};
	objectVersion = 55;
	objects = {

/* Begin PBXBuildFile section */
		3A79BF3928AB3C8400E1BB41 /* AppDelegate.swift in Sources */ = {isa = PBXBuildFile; fileRef = 3A79BF3828AB3C8400E1BB41 /* AppDelegate.swift */; };
		3A79BF3B28AB3C8400E1BB41 /* SceneDelegate.swift in Sources */ = {isa = PBXBuildFile; fileRef = 3A79BF3A28AB3C8400E1BB41 /* SceneDelegate.swift */; };
		3A79BF3D28AB3C8400E1BB41 /* JobOffersViewController.swift in Sources */ = {isa = PBXBuildFile; fileRef = 3A79BF3C28AB3C8400E1BB41 /* JobOffersViewController.swift */; };
		3A79BF4028AB3C8400E1BB41 /* Main.storyboard in Resources */ = {isa = PBXBuildFile; fileRef = 3A79BF3E28AB3C8400E1BB41 /* Main.storyboard */; };
		3A79BF4228AB3C8800E1BB41 /* Assets.xcassets in Resources */ = {isa = PBXBuildFile; fileRef = 3A79BF4128AB3C8800E1BB41 /* Assets.xcassets */; };
		3A79BF4528AB3C8800E1BB41 /* LaunchScreen.storyboard in Resources */ = {isa = PBXBuildFile; fileRef = 3A79BF4328AB3C8800E1BB41 /* LaunchScreen.storyboard */; };
		3A7F308A28B1DB680081CD2A /* InfoEmbedded.swift in Sources */ = {isa = PBXBuildFile; fileRef = 3A7F308928B1DB680081CD2A /* InfoEmbedded.swift */; };
		3A7F308C28B1DBD90081CD2A /* AddressInfo.swift in Sources */ = {isa = PBXBuildFile; fileRef = 3A7F308B28B1DBD90081CD2A /* AddressInfo.swift */; };
		3A7F308E28B1DC130081CD2A /* Geolocation.swift in Sources */ = {isa = PBXBuildFile; fileRef = 3A7F308D28B1DC130081CD2A /* Geolocation.swift */; };
		3A7F309028B1DC3D0081CD2A /* Info.swift in Sources */ = {isa = PBXBuildFile; fileRef = 3A7F308F28B1DC3D0081CD2A /* Info.swift */; };
		3A7F309228B1DC7F0081CD2A /* UserInfo.swift in Sources */ = {isa = PBXBuildFile; fileRef = 3A7F309128B1DC7F0081CD2A /* UserInfo.swift */; };
		3A7F309428B1DCCF0081CD2A /* UserEmbedded.swift in Sources */ = {isa = PBXBuildFile; fileRef = 3A7F309328B1DCCF0081CD2A /* UserEmbedded.swift */; };
		3A7F309628B1DCF40081CD2A /* Phone.swift in Sources */ = {isa = PBXBuildFile; fileRef = 3A7F309528B1DCF40081CD2A /* Phone.swift */; };
		3A7F309828B1DD470081CD2A /* OfferLinks.swift in Sources */ = {isa = PBXBuildFile; fileRef = 3A7F309728B1DD470081CD2A /* OfferLinks.swift */; };
		3A7F309A28B1DD8A0081CD2A /* Accept.swift in Sources */ = {isa = PBXBuildFile; fileRef = 3A7F309928B1DD8A0081CD2A /* Accept.swift */; };
		3A7F309C28B1DDEA0081CD2A /* Lead.swift in Sources */ = {isa = PBXBuildFile; fileRef = 3A7F309B28B1DDEA0081CD2A /* Lead.swift */; };
		3A7F309E28B1DE190081CD2A /* Embedded.swift in Sources */ = {isa = PBXBuildFile; fileRef = 3A7F309D28B1DE190081CD2A /* Embedded.swift */; };
		3A7F30A028B1DE460081CD2A /* Address.swift in Sources */ = {isa = PBXBuildFile; fileRef = 3A7F309F28B1DE460081CD2A /* Address.swift */; };
		3A7F30A228B1DE680081CD2A /* LeadsRequest.swift in Sources */ = {isa = PBXBuildFile; fileRef = 3A7F30A128B1DE680081CD2A /* LeadsRequest.swift */; };
		3A7F30A428B1DEB90081CD2A /* User.swift in Sources */ = {isa = PBXBuildFile; fileRef = 3A7F30A328B1DEB90081CD2A /* User.swift */; };
		3A7F30A628B1DEEA0081CD2A /* Links.swift in Sources */ = {isa = PBXBuildFile; fileRef = 3A7F30A528B1DEEA0081CD2A /* Links.swift */; };
		3A7F30A828B1DF1F0081CD2A /* SelfClass.swift in Sources */ = {isa = PBXBuildFile; fileRef = 3A7F30A728B1DF1E0081CD2A /* SelfClass.swift */; };
		3A7F30AA28B1DFC20081CD2A /* Offer.swift in Sources */ = {isa = PBXBuildFile; fileRef = 3A7F30A928B1DFC20081CD2A /* Offer.swift */; };
		3A7F30AC28B1DFDE0081CD2A /* OfferEmbedded.swift in Sources */ = {isa = PBXBuildFile; fileRef = 3A7F30AB28B1DFDE0081CD2A /* OfferEmbedded.swift */; };
		3A7F30AE28B1DFFC0081CD2A /* Request.swift in Sources */ = {isa = PBXBuildFile; fileRef = 3A7F30AD28B1DFFC0081CD2A /* Request.swift */; };
		3A7F30B028B1E04C0081CD2A /* RequestEmbedded.swift in Sources */ = {isa = PBXBuildFile; fileRef = 3A7F30AF28B1E04C0081CD2A /* RequestEmbedded.swift */; };
		3A7F30B228B1E07D0081CD2A /* LinksEntrypoint.swift in Sources */ = {isa = PBXBuildFile; fileRef = 3A7F30B128B1E07D0081CD2A /* LinksEntrypoint.swift */; };
		3A7F30B428B1E0B60081CD2A /* LeadsEntrypoint.swift in Sources */ = {isa = PBXBuildFile; fileRef = 3A7F30B328B1E0B60081CD2A /* LeadsEntrypoint.swift */; };
		3A7F30B628B1E1800081CD2A /* DetailsViewControllerDelegate.swift in Sources */ = {isa = PBXBuildFile; fileRef = 3A7F30B528B1E17F0081CD2A /* DetailsViewControllerDelegate.swift */; };
		3A7F30B828B1E2310081CD2A /* OffersViewModelDelegate.swift in Sources */ = {isa = PBXBuildFile; fileRef = 3A7F30B728B1E2310081CD2A /* OffersViewModelDelegate.swift */; };
		3A7F30BA28B1E2680081CD2A /* LeadsViewModelDelegate.swift in Sources */ = {isa = PBXBuildFile; fileRef = 3A7F30B928B1E2680081CD2A /* LeadsViewModelDelegate.swift */; };
		3A7F30BC28B1E33D0081CD2A /* DetailsViewModelType.swift in Sources */ = {isa = PBXBuildFile; fileRef = 3A7F30BB28B1E33D0081CD2A /* DetailsViewModelType.swift */; };
		3A7F30BE28B1E3680081CD2A /* DetailsViewModelItemType.swift in Sources */ = {isa = PBXBuildFile; fileRef = 3A7F30BD28B1E3680081CD2A /* DetailsViewModelItemType.swift */; };
		3A7F30C028B1E3DF0081CD2A /* DetailsViewModelItem.swift in Sources */ = {isa = PBXBuildFile; fileRef = 3A7F30BF28B1E3DF0081CD2A /* DetailsViewModelItem.swift */; };
		3A7F30C228B1E41D0081CD2A /* DetailsViewModelDelegate.swift in Sources */ = {isa = PBXBuildFile; fileRef = 3A7F30C128B1E41D0081CD2A /* DetailsViewModelDelegate.swift */; };
		3A7F30C428B1E45B0081CD2A /* MapDetailsViewModelItem.swift in Sources */ = {isa = PBXBuildFile; fileRef = 3A7F30C328B1E45B0081CD2A /* MapDetailsViewModelItem.swift */; };
		3A7F30C628B1E4AE0081CD2A /* TitleDetailsViewModelItem.swift in Sources */ = {isa = PBXBuildFile; fileRef = 3A7F30C528B1E4AE0081CD2A /* TitleDetailsViewModelItem.swift */; };
		3A7F30C828B1E5600081CD2A /* InfoLabelValue.swift in Sources */ = {isa = PBXBuildFile; fileRef = 3A7F30C728B1E5600081CD2A /* InfoLabelValue.swift */; };
		3A7F30CA28B1E5A40081CD2A /* InfoDetailsViewModelItem.swift in Sources */ = {isa = PBXBuildFile; fileRef = 3A7F30C928B1E5A40081CD2A /* InfoDetailsViewModelItem.swift */; };
		3A7F30CC28B1E6720081CD2A /* ContactDetailsViewModelItem.swift in Sources */ = {isa = PBXBuildFile; fileRef = 3A7F30CB28B1E6720081CD2A /* ContactDetailsViewModelItem.swift */; };
		3AC2F14328AC6BC700274C75 /* OffersViewModel.swift in Sources */ = {isa = PBXBuildFile; fileRef = 3AC2F14228AC6BC700274C75 /* OffersViewModel.swift */; };
		3AC2F14528AC6F1900274C75 /* Offers.swift in Sources */ = {isa = PBXBuildFile; fileRef = 3AC2F14428AC6F1900274C75 /* Offers.swift */; };
		3AC2F14728AC7AE200274C75 /* Entrypoint.swift in Sources */ = {isa = PBXBuildFile; fileRef = 3AC2F14628AC7AE200274C75 /* Entrypoint.swift */; };
		3AC2F14928AC7CB800274C75 /* Leads.swift in Sources */ = {isa = PBXBuildFile; fileRef = 3AC2F14828AC7CB800274C75 /* Leads.swift */; };
		3AC2F14B28ADB2D400274C75 /* LeadsViewModel.swift in Sources */ = {isa = PBXBuildFile; fileRef = 3AC2F14A28ADB2D400274C75 /* LeadsViewModel.swift */; };
		3AC2F14D28ADBA2500274C75 /* JobOffersViewModelItem.swift in Sources */ = {isa = PBXBuildFile; fileRef = 3AC2F14C28ADBA2500274C75 /* JobOffersViewModelItem.swift */; };
		3AC2F14F28AE404900274C75 /* LeadInfo.swift in Sources */ = {isa = PBXBuildFile; fileRef = 3AC2F14E28AE404900274C75 /* LeadInfo.swift */; };
		3AC2F15128AE445300274C75 /* OfferInfo.swift in Sources */ = {isa = PBXBuildFile; fileRef = 3AC2F15028AE445300274C75 /* OfferInfo.swift */; };
		3AC2F15428AE7C0500274C75 /* MapDetailsTableViewCell.swift in Sources */ = {isa = PBXBuildFile; fileRef = 3AC2F15228AE7C0500274C75 /* MapDetailsTableViewCell.swift */; };
		3AC2F15528AE7C0500274C75 /* MapDetailsTableViewCell.xib in Resources */ = {isa = PBXBuildFile; fileRef = 3AC2F15328AE7C0500274C75 /* MapDetailsTableViewCell.xib */; };
		3AC2F15828AE7D6F00274C75 /* TitleDetailsTableViewCell.swift in Sources */ = {isa = PBXBuildFile; fileRef = 3AC2F15628AE7D6F00274C75 /* TitleDetailsTableViewCell.swift */; };
		3AC2F15928AE7D6F00274C75 /* TitleDetailsTableViewCell.xib in Resources */ = {isa = PBXBuildFile; fileRef = 3AC2F15728AE7D6F00274C75 /* TitleDetailsTableViewCell.xib */; };
		3AC2F15C28AE7DD500274C75 /* InfoDetailsTableViewCell.swift in Sources */ = {isa = PBXBuildFile; fileRef = 3AC2F15A28AE7DD500274C75 /* InfoDetailsTableViewCell.swift */; };
		3AC2F15D28AE7DD500274C75 /* InfoDetailsTableViewCell.xib in Resources */ = {isa = PBXBuildFile; fileRef = 3AC2F15B28AE7DD500274C75 /* InfoDetailsTableViewCell.xib */; };
		3AC2F16028AE7E1B00274C75 /* ContactDetailsTableViewCell.swift in Sources */ = {isa = PBXBuildFile; fileRef = 3AC2F15E28AE7E1B00274C75 /* ContactDetailsTableViewCell.swift */; };
		3AC2F16128AE7E1B00274C75 /* ContactDetailsTableViewCell.xib in Resources */ = {isa = PBXBuildFile; fileRef = 3AC2F15F28AE7E1B00274C75 /* ContactDetailsTableViewCell.xib */; };
		3AC2F16428AEBFA700274C75 /* DetailsViewModel.swift in Sources */ = {isa = PBXBuildFile; fileRef = 3AC2F16328AEBFA700274C75 /* DetailsViewModel.swift */; };
		3AEDB3B528ABCA4F0092C455 /* DetailsViewController.swift in Sources */ = {isa = PBXBuildFile; fileRef = 3AEDB3B428ABCA4F0092C455 /* DetailsViewController.swift */; };
		3AEDB3B828ABCC360092C455 /* JobOffersTableViewCell.swift in Sources */ = {isa = PBXBuildFile; fileRef = 3AEDB3B628ABCC360092C455 /* JobOffersTableViewCell.swift */; };
		3AEDB3B928ABCC360092C455 /* JobOffersTableViewCell.xib in Resources */ = {isa = PBXBuildFile; fileRef = 3AEDB3B728ABCC360092C455 /* JobOffersTableViewCell.xib */; };
/* End PBXBuildFile section */

/* Begin PBXFileReference section */
		3A79BF3528AB3C8400E1BB41 /* GetNinjas Mobile Test.app */ = {isa = PBXFileReference; explicitFileType = wrapper.application; includeInIndex = 0; path = "GetNinjas Mobile Test.app"; sourceTree = BUILT_PRODUCTS_DIR; };
		3A79BF3828AB3C8400E1BB41 /* AppDelegate.swift */ = {isa = PBXFileReference; lastKnownFileType = sourcecode.swift; path = AppDelegate.swift; sourceTree = "<group>"; };
		3A79BF3A28AB3C8400E1BB41 /* SceneDelegate.swift */ = {isa = PBXFileReference; lastKnownFileType = sourcecode.swift; path = SceneDelegate.swift; sourceTree = "<group>"; };
		3A79BF3C28AB3C8400E1BB41 /* JobOffersViewController.swift */ = {isa = PBXFileReference; lastKnownFileType = sourcecode.swift; path = JobOffersViewController.swift; sourceTree = "<group>"; };
		3A79BF3F28AB3C8400E1BB41 /* Base */ = {isa = PBXFileReference; lastKnownFileType = file.storyboard; name = Base; path = Base.lproj/Main.storyboard; sourceTree = "<group>"; };
		3A79BF4128AB3C8800E1BB41 /* Assets.xcassets */ = {isa = PBXFileReference; lastKnownFileType = folder.assetcatalog; path = Assets.xcassets; sourceTree = "<group>"; };
		3A79BF4428AB3C8800E1BB41 /* Base */ = {isa = PBXFileReference; lastKnownFileType = file.storyboard; name = Base; path = Base.lproj/LaunchScreen.storyboard; sourceTree = "<group>"; };
		3A79BF4628AB3C8800E1BB41 /* Info.plist */ = {isa = PBXFileReference; lastKnownFileType = text.plist.xml; path = Info.plist; sourceTree = "<group>"; };
		3A7F308928B1DB680081CD2A /* InfoEmbedded.swift */ = {isa = PBXFileReference; lastKnownFileType = sourcecode.swift; path = InfoEmbedded.swift; sourceTree = "<group>"; };
		3A7F308B28B1DBD90081CD2A /* AddressInfo.swift */ = {isa = PBXFileReference; lastKnownFileType = sourcecode.swift; path = AddressInfo.swift; sourceTree = "<group>"; };
		3A7F308D28B1DC130081CD2A /* Geolocation.swift */ = {isa = PBXFileReference; lastKnownFileType = sourcecode.swift; path = Geolocation.swift; sourceTree = "<group>"; };
		3A7F308F28B1DC3D0081CD2A /* Info.swift */ = {isa = PBXFileReference; lastKnownFileType = sourcecode.swift; path = Info.swift; sourceTree = "<group>"; };
		3A7F309128B1DC7F0081CD2A /* UserInfo.swift */ = {isa = PBXFileReference; lastKnownFileType = sourcecode.swift; path = UserInfo.swift; sourceTree = "<group>"; };
		3A7F309328B1DCCF0081CD2A /* UserEmbedded.swift */ = {isa = PBXFileReference; lastKnownFileType = sourcecode.swift; path = UserEmbedded.swift; sourceTree = "<group>"; };
		3A7F309528B1DCF40081CD2A /* Phone.swift */ = {isa = PBXFileReference; lastKnownFileType = sourcecode.swift; path = Phone.swift; sourceTree = "<group>"; };
		3A7F309728B1DD470081CD2A /* OfferLinks.swift */ = {isa = PBXFileReference; lastKnownFileType = sourcecode.swift; path = OfferLinks.swift; sourceTree = "<group>"; };
		3A7F309928B1DD8A0081CD2A /* Accept.swift */ = {isa = PBXFileReference; lastKnownFileType = sourcecode.swift; path = Accept.swift; sourceTree = "<group>"; };
		3A7F309B28B1DDEA0081CD2A /* Lead.swift */ = {isa = PBXFileReference; lastKnownFileType = sourcecode.swift; path = Lead.swift; sourceTree = "<group>"; };
		3A7F309D28B1DE190081CD2A /* Embedded.swift */ = {isa = PBXFileReference; lastKnownFileType = sourcecode.swift; path = Embedded.swift; sourceTree = "<group>"; };
		3A7F309F28B1DE460081CD2A /* Address.swift */ = {isa = PBXFileReference; lastKnownFileType = sourcecode.swift; path = Address.swift; sourceTree = "<group>"; };
		3A7F30A128B1DE680081CD2A /* LeadsRequest.swift */ = {isa = PBXFileReference; lastKnownFileType = sourcecode.swift; path = LeadsRequest.swift; sourceTree = "<group>"; };
		3A7F30A328B1DEB90081CD2A /* User.swift */ = {isa = PBXFileReference; lastKnownFileType = sourcecode.swift; path = User.swift; sourceTree = "<group>"; };
		3A7F30A528B1DEEA0081CD2A /* Links.swift */ = {isa = PBXFileReference; lastKnownFileType = sourcecode.swift; path = Links.swift; sourceTree = "<group>"; };
		3A7F30A728B1DF1E0081CD2A /* SelfClass.swift */ = {isa = PBXFileReference; lastKnownFileType = sourcecode.swift; path = SelfClass.swift; sourceTree = "<group>"; };
		3A7F30A928B1DFC20081CD2A /* Offer.swift */ = {isa = PBXFileReference; lastKnownFileType = sourcecode.swift; path = Offer.swift; sourceTree = "<group>"; };
		3A7F30AB28B1DFDE0081CD2A /* OfferEmbedded.swift */ = {isa = PBXFileReference; lastKnownFileType = sourcecode.swift; path = OfferEmbedded.swift; sourceTree = "<group>"; };
		3A7F30AD28B1DFFC0081CD2A /* Request.swift */ = {isa = PBXFileReference; lastKnownFileType = sourcecode.swift; path = Request.swift; sourceTree = "<group>"; };
		3A7F30AF28B1E04C0081CD2A /* RequestEmbedded.swift */ = {isa = PBXFileReference; lastKnownFileType = sourcecode.swift; path = RequestEmbedded.swift; sourceTree = "<group>"; };
		3A7F30B128B1E07D0081CD2A /* LinksEntrypoint.swift */ = {isa = PBXFileReference; lastKnownFileType = sourcecode.swift; path = LinksEntrypoint.swift; sourceTree = "<group>"; };
		3A7F30B328B1E0B60081CD2A /* LeadsEntrypoint.swift */ = {isa = PBXFileReference; lastKnownFileType = sourcecode.swift; path = LeadsEntrypoint.swift; sourceTree = "<group>"; };
		3A7F30B528B1E17F0081CD2A /* DetailsViewControllerDelegate.swift */ = {isa = PBXFileReference; lastKnownFileType = sourcecode.swift; path = DetailsViewControllerDelegate.swift; sourceTree = "<group>"; };
		3A7F30B728B1E2310081CD2A /* OffersViewModelDelegate.swift */ = {isa = PBXFileReference; lastKnownFileType = sourcecode.swift; path = OffersViewModelDelegate.swift; sourceTree = "<group>"; };
		3A7F30B928B1E2680081CD2A /* LeadsViewModelDelegate.swift */ = {isa = PBXFileReference; lastKnownFileType = sourcecode.swift; path = LeadsViewModelDelegate.swift; sourceTree = "<group>"; };
		3A7F30BB28B1E33D0081CD2A /* DetailsViewModelType.swift */ = {isa = PBXFileReference; lastKnownFileType = sourcecode.swift; path = DetailsViewModelType.swift; sourceTree = "<group>"; };
		3A7F30BD28B1E3680081CD2A /* DetailsViewModelItemType.swift */ = {isa = PBXFileReference; lastKnownFileType = sourcecode.swift; path = DetailsViewModelItemType.swift; sourceTree = "<group>"; };
		3A7F30BF28B1E3DF0081CD2A /* DetailsViewModelItem.swift */ = {isa = PBXFileReference; lastKnownFileType = sourcecode.swift; path = DetailsViewModelItem.swift; sourceTree = "<group>"; };
		3A7F30C128B1E41D0081CD2A /* DetailsViewModelDelegate.swift */ = {isa = PBXFileReference; lastKnownFileType = sourcecode.swift; path = DetailsViewModelDelegate.swift; sourceTree = "<group>"; };
		3A7F30C328B1E45B0081CD2A /* MapDetailsViewModelItem.swift */ = {isa = PBXFileReference; lastKnownFileType = sourcecode.swift; path = MapDetailsViewModelItem.swift; sourceTree = "<group>"; };
		3A7F30C528B1E4AE0081CD2A /* TitleDetailsViewModelItem.swift */ = {isa = PBXFileReference; lastKnownFileType = sourcecode.swift; path = TitleDetailsViewModelItem.swift; sourceTree = "<group>"; };
		3A7F30C728B1E5600081CD2A /* InfoLabelValue.swift */ = {isa = PBXFileReference; lastKnownFileType = sourcecode.swift; path = InfoLabelValue.swift; sourceTree = "<group>"; };
		3A7F30C928B1E5A40081CD2A /* InfoDetailsViewModelItem.swift */ = {isa = PBXFileReference; lastKnownFileType = sourcecode.swift; path = InfoDetailsViewModelItem.swift; sourceTree = "<group>"; };
		3A7F30CB28B1E6720081CD2A /* ContactDetailsViewModelItem.swift */ = {isa = PBXFileReference; lastKnownFileType = sourcecode.swift; path = ContactDetailsViewModelItem.swift; sourceTree = "<group>"; };
		3AC2F14228AC6BC700274C75 /* OffersViewModel.swift */ = {isa = PBXFileReference; lastKnownFileType = sourcecode.swift; path = OffersViewModel.swift; sourceTree = "<group>"; };
		3AC2F14428AC6F1900274C75 /* Offers.swift */ = {isa = PBXFileReference; lastKnownFileType = sourcecode.swift; path = Offers.swift; sourceTree = "<group>"; };
		3AC2F14628AC7AE200274C75 /* Entrypoint.swift */ = {isa = PBXFileReference; lastKnownFileType = sourcecode.swift; path = Entrypoint.swift; sourceTree = "<group>"; };
		3AC2F14828AC7CB800274C75 /* Leads.swift */ = {isa = PBXFileReference; lastKnownFileType = sourcecode.swift; path = Leads.swift; sourceTree = "<group>"; };
		3AC2F14A28ADB2D400274C75 /* LeadsViewModel.swift */ = {isa = PBXFileReference; lastKnownFileType = sourcecode.swift; path = LeadsViewModel.swift; sourceTree = "<group>"; };
		3AC2F14C28ADBA2500274C75 /* JobOffersViewModelItem.swift */ = {isa = PBXFileReference; lastKnownFileType = sourcecode.swift; path = JobOffersViewModelItem.swift; sourceTree = "<group>"; };
		3AC2F14E28AE404900274C75 /* LeadInfo.swift */ = {isa = PBXFileReference; lastKnownFileType = sourcecode.swift; path = LeadInfo.swift; sourceTree = "<group>"; };
		3AC2F15028AE445300274C75 /* OfferInfo.swift */ = {isa = PBXFileReference; lastKnownFileType = sourcecode.swift; path = OfferInfo.swift; sourceTree = "<group>"; };
		3AC2F15228AE7C0500274C75 /* MapDetailsTableViewCell.swift */ = {isa = PBXFileReference; lastKnownFileType = sourcecode.swift; path = MapDetailsTableViewCell.swift; sourceTree = "<group>"; };
		3AC2F15328AE7C0500274C75 /* MapDetailsTableViewCell.xib */ = {isa = PBXFileReference; lastKnownFileType = file.xib; path = MapDetailsTableViewCell.xib; sourceTree = "<group>"; };
		3AC2F15628AE7D6F00274C75 /* TitleDetailsTableViewCell.swift */ = {isa = PBXFileReference; lastKnownFileType = sourcecode.swift; path = TitleDetailsTableViewCell.swift; sourceTree = "<group>"; };
		3AC2F15728AE7D6F00274C75 /* TitleDetailsTableViewCell.xib */ = {isa = PBXFileReference; lastKnownFileType = file.xib; path = TitleDetailsTableViewCell.xib; sourceTree = "<group>"; };
		3AC2F15A28AE7DD500274C75 /* InfoDetailsTableViewCell.swift */ = {isa = PBXFileReference; lastKnownFileType = sourcecode.swift; path = InfoDetailsTableViewCell.swift; sourceTree = "<group>"; };
		3AC2F15B28AE7DD500274C75 /* InfoDetailsTableViewCell.xib */ = {isa = PBXFileReference; lastKnownFileType = file.xib; path = InfoDetailsTableViewCell.xib; sourceTree = "<group>"; };
		3AC2F15E28AE7E1B00274C75 /* ContactDetailsTableViewCell.swift */ = {isa = PBXFileReference; lastKnownFileType = sourcecode.swift; path = ContactDetailsTableViewCell.swift; sourceTree = "<group>"; };
		3AC2F15F28AE7E1B00274C75 /* ContactDetailsTableViewCell.xib */ = {isa = PBXFileReference; lastKnownFileType = file.xib; path = ContactDetailsTableViewCell.xib; sourceTree = "<group>"; };
		3AC2F16328AEBFA700274C75 /* DetailsViewModel.swift */ = {isa = PBXFileReference; lastKnownFileType = sourcecode.swift; path = DetailsViewModel.swift; sourceTree = "<group>"; };
		3AEDB3B428ABCA4F0092C455 /* DetailsViewController.swift */ = {isa = PBXFileReference; lastKnownFileType = sourcecode.swift; path = DetailsViewController.swift; sourceTree = "<group>"; };
		3AEDB3B628ABCC360092C455 /* JobOffersTableViewCell.swift */ = {isa = PBXFileReference; lastKnownFileType = sourcecode.swift; path = JobOffersTableViewCell.swift; sourceTree = "<group>"; };
		3AEDB3B728ABCC360092C455 /* JobOffersTableViewCell.xib */ = {isa = PBXFileReference; lastKnownFileType = file.xib; path = JobOffersTableViewCell.xib; sourceTree = "<group>"; };
/* End PBXFileReference section */

/* Begin PBXFrameworksBuildPhase section */
		3A79BF3228AB3C8400E1BB41 /* Frameworks */ = {
			isa = PBXFrameworksBuildPhase;
			buildActionMask = 2147483647;
			files = (
			);
			runOnlyForDeploymentPostprocessing = 0;
		};
/* End PBXFrameworksBuildPhase section */

/* Begin PBXGroup section */
		3A79BF2C28AB3C8300E1BB41 = {
			isa = PBXGroup;
			children = (
				3A79BF3728AB3C8400E1BB41 /* GetNinjas Mobile Test */,
				3A79BF3628AB3C8400E1BB41 /* Products */,
			);
			sourceTree = "<group>";
		};
		3A79BF3628AB3C8400E1BB41 /* Products */ = {
			isa = PBXGroup;
			children = (
				3A79BF3528AB3C8400E1BB41 /* GetNinjas Mobile Test.app */,
			);
			name = Products;
			sourceTree = "<group>";
		};
		3A79BF3728AB3C8400E1BB41 /* GetNinjas Mobile Test */ = {
			isa = PBXGroup;
			children = (
				3A79BF3828AB3C8400E1BB41 /* AppDelegate.swift */,
				3A79BF3A28AB3C8400E1BB41 /* SceneDelegate.swift */,
				3AEDB3B128ABB8330092C455 /* Model */,
				3AEDB3B228ABB8490092C455 /* View */,
				3AEDB3B328ABB8590092C455 /* ViewModel */,
				3AEDB3BA28ABCCD30092C455 /* Supporting Files */,
			);
			path = "GetNinjas Mobile Test";
			sourceTree = "<group>";
		};
		3A7F30CD28B242040081CD2A /* Submodel */ = {
			isa = PBXGroup;
			children = (
				3A7F309F28B1DE460081CD2A /* Address.swift */,
				3A7F308B28B1DBD90081CD2A /* AddressInfo.swift */,
				3A7F309928B1DD8A0081CD2A /* Accept.swift */,
				3A7F309D28B1DE190081CD2A /* Embedded.swift */,
				3A7F308F28B1DC3D0081CD2A /* Info.swift */,
				3A7F308928B1DB680081CD2A /* InfoEmbedded.swift */,
				3A7F308D28B1DC130081CD2A /* Geolocation.swift */,
				3A7F309B28B1DDEA0081CD2A /* Lead.swift */,
				3AC2F14E28AE404900274C75 /* LeadInfo.swift */,
				3A7F30B328B1E0B60081CD2A /* LeadsEntrypoint.swift */,
				3A7F30A128B1DE680081CD2A /* LeadsRequest.swift */,
				3A7F30A528B1DEEA0081CD2A /* Links.swift */,
				3A7F30B128B1E07D0081CD2A /* LinksEntrypoint.swift */,
				3A7F30A928B1DFC20081CD2A /* Offer.swift */,
				3A7F30AB28B1DFDE0081CD2A /* OfferEmbedded.swift */,
				3AC2F15028AE445300274C75 /* OfferInfo.swift */,
				3A7F309728B1DD470081CD2A /* OfferLinks.swift */,
				3A7F309528B1DCF40081CD2A /* Phone.swift */,
				3A7F30AF28B1E04C0081CD2A /* RequestEmbedded.swift */,
				3A7F30AD28B1DFFC0081CD2A /* Request.swift */,
				3A7F30A728B1DF1E0081CD2A /* SelfClass.swift */,
				3A7F30A328B1DEB90081CD2A /* User.swift */,
				3A7F309328B1DCCF0081CD2A /* UserEmbedded.swift */,
				3A7F309128B1DC7F0081CD2A /* UserInfo.swift */,
			);
			path = Submodel;
			sourceTree = "<group>";
		};
		3A7F30CE28B244810081CD2A /* Subviewmodel */ = {
			isa = PBXGroup;
			children = (
				3AC2F14C28ADBA2500274C75 /* JobOffersViewModelItem.swift */,
				3A7F30B728B1E2310081CD2A /* OffersViewModelDelegate.swift */,
				3A7F30B928B1E2680081CD2A /* LeadsViewModelDelegate.swift */,
				3A7F30CB28B1E6720081CD2A /* ContactDetailsViewModelItem.swift */,
				3A7F30C928B1E5A40081CD2A /* InfoDetailsViewModelItem.swift */,
				3A7F30C728B1E5600081CD2A /* InfoLabelValue.swift */,
				3A7F30C528B1E4AE0081CD2A /* TitleDetailsViewModelItem.swift */,
				3A7F30C328B1E45B0081CD2A /* MapDetailsViewModelItem.swift */,
				3A7F30C128B1E41D0081CD2A /* DetailsViewModelDelegate.swift */,
				3A7F30BF28B1E3DF0081CD2A /* DetailsViewModelItem.swift */,
				3A7F30BD28B1E3680081CD2A /* DetailsViewModelItemType.swift */,
				3A7F30BB28B1E33D0081CD2A /* DetailsViewModelType.swift */,
			);
			path = Subviewmodel;
			sourceTree = "<group>";
		};
		3AC2F16228AE7FD300274C75 /* Subview */ = {
			isa = PBXGroup;
			children = (
				3AEDB3B628ABCC360092C455 /* JobOffersTableViewCell.swift */,
				3AEDB3B728ABCC360092C455 /* JobOffersTableViewCell.xib */,
				3AC2F15228AE7C0500274C75 /* MapDetailsTableViewCell.swift */,
				3AC2F15328AE7C0500274C75 /* MapDetailsTableViewCell.xib */,
				3AC2F15628AE7D6F00274C75 /* TitleDetailsTableViewCell.swift */,
				3AC2F15728AE7D6F00274C75 /* TitleDetailsTableViewCell.xib */,
				3AC2F15A28AE7DD500274C75 /* InfoDetailsTableViewCell.swift */,
				3AC2F15B28AE7DD500274C75 /* InfoDetailsTableViewCell.xib */,
				3AC2F15E28AE7E1B00274C75 /* ContactDetailsTableViewCell.swift */,
				3AC2F15F28AE7E1B00274C75 /* ContactDetailsTableViewCell.xib */,
			);
			path = Subview;
			sourceTree = "<group>";
		};
		3AEDB3B128ABB8330092C455 /* Model */ = {
			isa = PBXGroup;
			children = (
				3AC2F14628AC7AE200274C75 /* Entrypoint.swift */,
				3AC2F14428AC6F1900274C75 /* Offers.swift */,
				3AC2F14828AC7CB800274C75 /* Leads.swift */,
				3A7F30CD28B242040081CD2A /* Submodel */,
			);
			path = Model;
			sourceTree = "<group>";
		};
		3AEDB3B228ABB8490092C455 /* View */ = {
			isa = PBXGroup;
			children = (
				3A79BF3C28AB3C8400E1BB41 /* JobOffersViewController.swift */,
				3AEDB3B428ABCA4F0092C455 /* DetailsViewController.swift */,
				3A7F30B528B1E17F0081CD2A /* DetailsViewControllerDelegate.swift */,
				3A79BF3E28AB3C8400E1BB41 /* Main.storyboard */,
				3AC2F16228AE7FD300274C75 /* Subview */,
			);
			path = View;
			sourceTree = "<group>";
		};
		3AEDB3B328ABB8590092C455 /* ViewModel */ = {
			isa = PBXGroup;
			children = (
				3AC2F14228AC6BC700274C75 /* OffersViewModel.swift */,
				3AC2F14A28ADB2D400274C75 /* LeadsViewModel.swift */,
				3AC2F16328AEBFA700274C75 /* DetailsViewModel.swift */,
				3A7F30CE28B244810081CD2A /* Subviewmodel */,
			);
			path = ViewModel;
			sourceTree = "<group>";
		};
		3AEDB3BA28ABCCD30092C455 /* Supporting Files */ = {
			isa = PBXGroup;
			children = (
				3A79BF4128AB3C8800E1BB41 /* Assets.xcassets */,
				3A79BF4328AB3C8800E1BB41 /* LaunchScreen.storyboard */,
				3A79BF4628AB3C8800E1BB41 /* Info.plist */,
			);
			name = "Supporting Files";
			sourceTree = "<group>";
		};
/* End PBXGroup section */

/* Begin PBXNativeTarget section */
		3A79BF3428AB3C8400E1BB41 /* GetNinjas Mobile Test */ = {
			isa = PBXNativeTarget;
			buildConfigurationList = 3A79BF4928AB3C8900E1BB41 /* Build configuration list for PBXNativeTarget "GetNinjas Mobile Test" */;
			buildPhases = (
				3A79BF3128AB3C8400E1BB41 /* Sources */,
				3A79BF3228AB3C8400E1BB41 /* Frameworks */,
				3A79BF3328AB3C8400E1BB41 /* Resources */,
			);
			buildRules = (
			);
			dependencies = (
			);
			name = "GetNinjas Mobile Test";
			productName = "GetNinjas Mobile Test";
			productReference = 3A79BF3528AB3C8400E1BB41 /* GetNinjas Mobile Test.app */;
			productType = "com.apple.product-type.application";
		};
/* End PBXNativeTarget section */

/* Begin PBXProject section */
		3A79BF2D28AB3C8400E1BB41 /* Project object */ = {
			isa = PBXProject;
			attributes = {
				BuildIndependentTargetsInParallel = 1;
				LastSwiftUpdateCheck = 1320;
				LastUpgradeCheck = 1320;
				TargetAttributes = {
					3A79BF3428AB3C8400E1BB41 = {
						CreatedOnToolsVersion = 13.2.1;
					};
				};
			};
			buildConfigurationList = 3A79BF3028AB3C8400E1BB41 /* Build configuration list for PBXProject "GetNinjas Mobile Test" */;
			compatibilityVersion = "Xcode 13.0";
			developmentRegion = en;
			hasScannedForEncodings = 0;
			knownRegions = (
				en,
				Base,
			);
			mainGroup = 3A79BF2C28AB3C8300E1BB41;
			productRefGroup = 3A79BF3628AB3C8400E1BB41 /* Products */;
			projectDirPath = "";
			projectRoot = "";
			targets = (
				3A79BF3428AB3C8400E1BB41 /* GetNinjas Mobile Test */,
			);
		};
/* End PBXProject section */

/* Begin PBXResourcesBuildPhase section */
		3A79BF3328AB3C8400E1BB41 /* Resources */ = {
			isa = PBXResourcesBuildPhase;
			buildActionMask = 2147483647;
			files = (
				3A79BF4528AB3C8800E1BB41 /* LaunchScreen.storyboard in Resources */,
				3A79BF4228AB3C8800E1BB41 /* Assets.xcassets in Resources */,
				3AEDB3B928ABCC360092C455 /* JobOffersTableViewCell.xib in Resources */,
				3AC2F15528AE7C0500274C75 /* MapDetailsTableViewCell.xib in Resources */,
				3A79BF4028AB3C8400E1BB41 /* Main.storyboard in Resources */,
				3AC2F16128AE7E1B00274C75 /* ContactDetailsTableViewCell.xib in Resources */,
				3AC2F15D28AE7DD500274C75 /* InfoDetailsTableViewCell.xib in Resources */,
				3AC2F15928AE7D6F00274C75 /* TitleDetailsTableViewCell.xib in Resources */,
			);
			runOnlyForDeploymentPostprocessing = 0;
		};
/* End PBXResourcesBuildPhase section */

/* Begin PBXSourcesBuildPhase section */
		3A79BF3128AB3C8400E1BB41 /* Sources */ = {
			isa = PBXSourcesBuildPhase;
			buildActionMask = 2147483647;
			files = (
				3AC2F14528AC6F1900274C75 /* Offers.swift in Sources */,
				3AEDB3B828ABCC360092C455 /* JobOffersTableViewCell.swift in Sources */,
				3A7F30AC28B1DFDE0081CD2A /* OfferEmbedded.swift in Sources */,
				3A7F308C28B1DBD90081CD2A /* AddressInfo.swift in Sources */,
				3AC2F14B28ADB2D400274C75 /* LeadsViewModel.swift in Sources */,
				3A7F30A428B1DEB90081CD2A /* User.swift in Sources */,
				3A79BF3D28AB3C8400E1BB41 /* JobOffersViewController.swift in Sources */,
				3A7F309628B1DCF40081CD2A /* Phone.swift in Sources */,
				3AC2F14928AC7CB800274C75 /* Leads.swift in Sources */,
				3A7F30C228B1E41D0081CD2A /* DetailsViewModelDelegate.swift in Sources */,
				3A7F309228B1DC7F0081CD2A /* UserInfo.swift in Sources */,
				3A7F30A228B1DE680081CD2A /* LeadsRequest.swift in Sources */,
				3A7F30B628B1E1800081CD2A /* DetailsViewControllerDelegate.swift in Sources */,
				3A7F30C028B1E3DF0081CD2A /* DetailsViewModelItem.swift in Sources */,
				3A7F309828B1DD470081CD2A /* OfferLinks.swift in Sources */,
				3A7F30C628B1E4AE0081CD2A /* TitleDetailsViewModelItem.swift in Sources */,
				3A79BF3928AB3C8400E1BB41 /* AppDelegate.swift in Sources */,
				3A79BF3B28AB3C8400E1BB41 /* SceneDelegate.swift in Sources */,
				3AC2F14F28AE404900274C75 /* LeadInfo.swift in Sources */,
				3A7F30AA28B1DFC20081CD2A /* Offer.swift in Sources */,
				3AEDB3B528ABCA4F0092C455 /* DetailsViewController.swift in Sources */,
				3A7F30B028B1E04C0081CD2A /* RequestEmbedded.swift in Sources */,
				3AC2F15128AE445300274C75 /* OfferInfo.swift in Sources */,
				3AC2F15428AE7C0500274C75 /* MapDetailsTableViewCell.swift in Sources */,
				3A7F30C428B1E45B0081CD2A /* MapDetailsViewModelItem.swift in Sources */,
				3AC2F14328AC6BC700274C75 /* OffersViewModel.swift in Sources */,
				3A7F30B428B1E0B60081CD2A /* LeadsEntrypoint.swift in Sources */,
				3A7F309A28B1DD8A0081CD2A /* Accept.swift in Sources */,
				3A7F30C828B1E5600081CD2A /* InfoLabelValue.swift in Sources */,
				3A7F30BA28B1E2680081CD2A /* LeadsViewModelDelegate.swift in Sources */,
				3AC2F14D28ADBA2500274C75 /* JobOffersViewModelItem.swift in Sources */,
				3A7F30A828B1DF1F0081CD2A /* SelfClass.swift in Sources */,
				3A7F30B228B1E07D0081CD2A /* LinksEntrypoint.swift in Sources */,
				3A7F30AE28B1DFFC0081CD2A /* Request.swift in Sources */,
				3A7F308A28B1DB680081CD2A /* InfoEmbedded.swift in Sources */,
				3A7F309E28B1DE190081CD2A /* Embedded.swift in Sources */,
				3A7F309C28B1DDEA0081CD2A /* Lead.swift in Sources */,
				3AC2F14728AC7AE200274C75 /* Entrypoint.swift in Sources */,
				3A7F308E28B1DC130081CD2A /* Geolocation.swift in Sources */,
				3A7F30CC28B1E6720081CD2A /* ContactDetailsViewModelItem.swift in Sources */,
				3AC2F16028AE7E1B00274C75 /* ContactDetailsTableViewCell.swift in Sources */,
				3A7F30B828B1E2310081CD2A /* OffersViewModelDelegate.swift in Sources */,
				3A7F30A028B1DE460081CD2A /* Address.swift in Sources */,
				3A7F30BC28B1E33D0081CD2A /* DetailsViewModelType.swift in Sources */,
				3AC2F15C28AE7DD500274C75 /* InfoDetailsTableViewCell.swift in Sources */,
				3A7F30A628B1DEEA0081CD2A /* Links.swift in Sources */,
				3AC2F15828AE7D6F00274C75 /* TitleDetailsTableViewCell.swift in Sources */,
				3A7F30BE28B1E3680081CD2A /* DetailsViewModelItemType.swift in Sources */,
				3A7F30CA28B1E5A40081CD2A /* InfoDetailsViewModelItem.swift in Sources */,
				3AC2F16428AEBFA700274C75 /* DetailsViewModel.swift in Sources */,
				3A7F309428B1DCCF0081CD2A /* UserEmbedded.swift in Sources */,
				3A7F309028B1DC3D0081CD2A /* Info.swift in Sources */,
			);
			runOnlyForDeploymentPostprocessing = 0;
		};
/* End PBXSourcesBuildPhase section */

/* Begin PBXVariantGroup section */
		3A79BF3E28AB3C8400E1BB41 /* Main.storyboard */ = {
			isa = PBXVariantGroup;
			children = (
				3A79BF3F28AB3C8400E1BB41 /* Base */,
			);
			name = Main.storyboard;
			sourceTree = "<group>";
		};
		3A79BF4328AB3C8800E1BB41 /* LaunchScreen.storyboard */ = {
			isa = PBXVariantGroup;
			children = (
				3A79BF4428AB3C8800E1BB41 /* Base */,
			);
			name = LaunchScreen.storyboard;
			sourceTree = "<group>";
		};
/* End PBXVariantGroup section */

/* Begin XCBuildConfiguration section */
		3A79BF4728AB3C8800E1BB41 /* Debug */ = {
			isa = XCBuildConfiguration;
			buildSettings = {
				ALWAYS_SEARCH_USER_PATHS = NO;
				CLANG_ANALYZER_NONNULL = YES;
				CLANG_ANALYZER_NUMBER_OBJECT_CONVERSION = YES_AGGRESSIVE;
				CLANG_CXX_LANGUAGE_STANDARD = "gnu++17";
				CLANG_CXX_LIBRARY = "libc++";
				CLANG_ENABLE_MODULES = YES;
				CLANG_ENABLE_OBJC_ARC = YES;
				CLANG_ENABLE_OBJC_WEAK = YES;
				CLANG_WARN_BLOCK_CAPTURE_AUTORELEASING = YES;
				CLANG_WARN_BOOL_CONVERSION = YES;
				CLANG_WARN_COMMA = YES;
				CLANG_WARN_CONSTANT_CONVERSION = YES;
				CLANG_WARN_DEPRECATED_OBJC_IMPLEMENTATIONS = YES;
				CLANG_WARN_DIRECT_OBJC_ISA_USAGE = YES_ERROR;
				CLANG_WARN_DOCUMENTATION_COMMENTS = YES;
				CLANG_WARN_EMPTY_BODY = YES;
				CLANG_WARN_ENUM_CONVERSION = YES;
				CLANG_WARN_INFINITE_RECURSION = YES;
				CLANG_WARN_INT_CONVERSION = YES;
				CLANG_WARN_NON_LITERAL_NULL_CONVERSION = YES;
				CLANG_WARN_OBJC_IMPLICIT_RETAIN_SELF = YES;
				CLANG_WARN_OBJC_LITERAL_CONVERSION = YES;
				CLANG_WARN_OBJC_ROOT_CLASS = YES_ERROR;
				CLANG_WARN_QUOTED_INCLUDE_IN_FRAMEWORK_HEADER = YES;
				CLANG_WARN_RANGE_LOOP_ANALYSIS = YES;
				CLANG_WARN_STRICT_PROTOTYPES = YES;
				CLANG_WARN_SUSPICIOUS_MOVE = YES;
				CLANG_WARN_UNGUARDED_AVAILABILITY = YES_AGGRESSIVE;
				CLANG_WARN_UNREACHABLE_CODE = YES;
				CLANG_WARN__DUPLICATE_METHOD_MATCH = YES;
				COPY_PHASE_STRIP = NO;
				DEBUG_INFORMATION_FORMAT = dwarf;
				ENABLE_STRICT_OBJC_MSGSEND = YES;
				ENABLE_TESTABILITY = YES;
				GCC_C_LANGUAGE_STANDARD = gnu11;
				GCC_DYNAMIC_NO_PIC = NO;
				GCC_NO_COMMON_BLOCKS = YES;
				GCC_OPTIMIZATION_LEVEL = 0;
				GCC_PREPROCESSOR_DEFINITIONS = (
					"DEBUG=1",
					"$(inherited)",
				);
				GCC_WARN_64_TO_32_BIT_CONVERSION = YES;
				GCC_WARN_ABOUT_RETURN_TYPE = YES_ERROR;
				GCC_WARN_UNDECLARED_SELECTOR = YES;
				GCC_WARN_UNINITIALIZED_AUTOS = YES_AGGRESSIVE;
				GCC_WARN_UNUSED_FUNCTION = YES;
				GCC_WARN_UNUSED_VARIABLE = YES;
				IPHONEOS_DEPLOYMENT_TARGET = 15.2;
				MTL_ENABLE_DEBUG_INFO = INCLUDE_SOURCE;
				MTL_FAST_MATH = YES;
				ONLY_ACTIVE_ARCH = YES;
				SDKROOT = iphoneos;
				SWIFT_ACTIVE_COMPILATION_CONDITIONS = DEBUG;
				SWIFT_OPTIMIZATION_LEVEL = "-Onone";
			};
			name = Debug;
		};
		3A79BF4828AB3C8800E1BB41 /* Release */ = {
			isa = XCBuildConfiguration;
			buildSettings = {
				ALWAYS_SEARCH_USER_PATHS = NO;
				CLANG_ANALYZER_NONNULL = YES;
				CLANG_ANALYZER_NUMBER_OBJECT_CONVERSION = YES_AGGRESSIVE;
				CLANG_CXX_LANGUAGE_STANDARD = "gnu++17";
				CLANG_CXX_LIBRARY = "libc++";
				CLANG_ENABLE_MODULES = YES;
				CLANG_ENABLE_OBJC_ARC = YES;
				CLANG_ENABLE_OBJC_WEAK = YES;
				CLANG_WARN_BLOCK_CAPTURE_AUTORELEASING = YES;
				CLANG_WARN_BOOL_CONVERSION = YES;
				CLANG_WARN_COMMA = YES;
				CLANG_WARN_CONSTANT_CONVERSION = YES;
				CLANG_WARN_DEPRECATED_OBJC_IMPLEMENTATIONS = YES;
				CLANG_WARN_DIRECT_OBJC_ISA_USAGE = YES_ERROR;
				CLANG_WARN_DOCUMENTATION_COMMENTS = YES;
				CLANG_WARN_EMPTY_BODY = YES;
				CLANG_WARN_ENUM_CONVERSION = YES;
				CLANG_WARN_INFINITE_RECURSION = YES;
				CLANG_WARN_INT_CONVERSION = YES;
				CLANG_WARN_NON_LITERAL_NULL_CONVERSION = YES;
				CLANG_WARN_OBJC_IMPLICIT_RETAIN_SELF = YES;
				CLANG_WARN_OBJC_LITERAL_CONVERSION = YES;
				CLANG_WARN_OBJC_ROOT_CLASS = YES_ERROR;
				CLANG_WARN_QUOTED_INCLUDE_IN_FRAMEWORK_HEADER = YES;
				CLANG_WARN_RANGE_LOOP_ANALYSIS = YES;
				CLANG_WARN_STRICT_PROTOTYPES = YES;
				CLANG_WARN_SUSPICIOUS_MOVE = YES;
				CLANG_WARN_UNGUARDED_AVAILABILITY = YES_AGGRESSIVE;
				CLANG_WARN_UNREACHABLE_CODE = YES;
				CLANG_WARN__DUPLICATE_METHOD_MATCH = YES;
				COPY_PHASE_STRIP = NO;
				DEBUG_INFORMATION_FORMAT = "dwarf-with-dsym";
				ENABLE_NS_ASSERTIONS = NO;
				ENABLE_STRICT_OBJC_MSGSEND = YES;
				GCC_C_LANGUAGE_STANDARD = gnu11;
				GCC_NO_COMMON_BLOCKS = YES;
				GCC_WARN_64_TO_32_BIT_CONVERSION = YES;
				GCC_WARN_ABOUT_RETURN_TYPE = YES_ERROR;
				GCC_WARN_UNDECLARED_SELECTOR = YES;
				GCC_WARN_UNINITIALIZED_AUTOS = YES_AGGRESSIVE;
				GCC_WARN_UNUSED_FUNCTION = YES;
				GCC_WARN_UNUSED_VARIABLE = YES;
				IPHONEOS_DEPLOYMENT_TARGET = 15.2;
				MTL_ENABLE_DEBUG_INFO = NO;
				MTL_FAST_MATH = YES;
				SDKROOT = iphoneos;
				SWIFT_COMPILATION_MODE = wholemodule;
				SWIFT_OPTIMIZATION_LEVEL = "-O";
				VALIDATE_PRODUCT = YES;
			};
			name = Release;
		};
		3A79BF4A28AB3C8900E1BB41 /* Debug */ = {
			isa = XCBuildConfiguration;
			buildSettings = {
				ASSETCATALOG_COMPILER_APPICON_NAME = AppIcon;
				ASSETCATALOG_COMPILER_GLOBAL_ACCENT_COLOR_NAME = AccentColor;
				CODE_SIGN_STYLE = Automatic;
				CURRENT_PROJECT_VERSION = 1;
				GENERATE_INFOPLIST_FILE = YES;
				INFOPLIST_FILE = "GetNinjas Mobile Test/Info.plist";
				INFOPLIST_KEY_UIApplicationSupportsIndirectInputEvents = YES;
				INFOPLIST_KEY_UILaunchStoryboardName = LaunchScreen;
				INFOPLIST_KEY_UIMainStoryboardFile = Main;
				INFOPLIST_KEY_UISupportedInterfaceOrientations_iPad = "UIInterfaceOrientationPortrait UIInterfaceOrientationPortraitUpsideDown UIInterfaceOrientationLandscapeLeft UIInterfaceOrientationLandscapeRight";
				INFOPLIST_KEY_UISupportedInterfaceOrientations_iPhone = "UIInterfaceOrientationPortrait UIInterfaceOrientationLandscapeLeft UIInterfaceOrientationLandscapeRight";
				LD_RUNPATH_SEARCH_PATHS = (
					"$(inherited)",
					"@executable_path/Frameworks",
				);
				MARKETING_VERSION = 1.0;
				PRODUCT_BUNDLE_IDENTIFIER = "com.diovnp.GetNinjas-Mobile-Test";
				PRODUCT_NAME = "$(TARGET_NAME)";
				SWIFT_EMIT_LOC_STRINGS = YES;
				SWIFT_VERSION = 5.0;
				TARGETED_DEVICE_FAMILY = "1,2";
			};
			name = Debug;
		};
		3A79BF4B28AB3C8900E1BB41 /* Release */ = {
			isa = XCBuildConfiguration;
			buildSettings = {
				ASSETCATALOG_COMPILER_APPICON_NAME = AppIcon;
				ASSETCATALOG_COMPILER_GLOBAL_ACCENT_COLOR_NAME = AccentColor;
				CODE_SIGN_STYLE = Automatic;
				CURRENT_PROJECT_VERSION = 1;
				GENERATE_INFOPLIST_FILE = YES;
				INFOPLIST_FILE = "GetNinjas Mobile Test/Info.plist";
				INFOPLIST_KEY_UIApplicationSupportsIndirectInputEvents = YES;
				INFOPLIST_KEY_UILaunchStoryboardName = LaunchScreen;
				INFOPLIST_KEY_UIMainStoryboardFile = Main;
				INFOPLIST_KEY_UISupportedInterfaceOrientations_iPad = "UIInterfaceOrientationPortrait UIInterfaceOrientationPortraitUpsideDown UIInterfaceOrientationLandscapeLeft UIInterfaceOrientationLandscapeRight";
				INFOPLIST_KEY_UISupportedInterfaceOrientations_iPhone = "UIInterfaceOrientationPortrait UIInterfaceOrientationLandscapeLeft UIInterfaceOrientationLandscapeRight";
				LD_RUNPATH_SEARCH_PATHS = (
					"$(inherited)",
					"@executable_path/Frameworks",
				);
				MARKETING_VERSION = 1.0;
				PRODUCT_BUNDLE_IDENTIFIER = "com.diovnp.GetNinjas-Mobile-Test";
				PRODUCT_NAME = "$(TARGET_NAME)";
				SWIFT_EMIT_LOC_STRINGS = YES;
				SWIFT_VERSION = 5.0;
				TARGETED_DEVICE_FAMILY = "1,2";
			};
			name = Release;
		};
/* End XCBuildConfiguration section */

/* Begin XCConfigurationList section */
		3A79BF3028AB3C8400E1BB41 /* Build configuration list for PBXProject "GetNinjas Mobile Test" */ = {
			isa = XCConfigurationList;
			buildConfigurations = (
				3A79BF4728AB3C8800E1BB41 /* Debug */,
				3A79BF4828AB3C8800E1BB41 /* Release */,
			);
			defaultConfigurationIsVisible = 0;
			defaultConfigurationName = Release;
		};
		3A79BF4928AB3C8900E1BB41 /* Build configuration list for PBXNativeTarget "GetNinjas Mobile Test" */ = {
			isa = XCConfigurationList;
			buildConfigurations = (
				3A79BF4A28AB3C8900E1BB41 /* Debug */,
				3A79BF4B28AB3C8900E1BB41 /* Release */,
			);
			defaultConfigurationIsVisible = 0;
			defaultConfigurationName = Release;
		};
/* End XCConfigurationList section */
	};
	rootObject = 3A79BF2D28AB3C8400E1BB41 /* Project object */;
}
